// !$*UTF8*$!
{
	archiveVersion = 1;
	classes = {
	};
	objectVersion = 46;
	objects = {

/* Begin PBXBuildFile section */
		0E1329CC1E5E3772003CD09B /* AppDelegate.swift in Sources */ = {isa = PBXBuildFile; fileRef = 0E1329CB1E5E3772003CD09B /* AppDelegate.swift */; };
		0E1329CE1E5E3772003CD09B /* ViewController.swift in Sources */ = {isa = PBXBuildFile; fileRef = 0E1329CD1E5E3772003CD09B /* ViewController.swift */; };
		0E1329D11E5E3772003CD09B /* Main.storyboard in Resources */ = {isa = PBXBuildFile; fileRef = 0E1329CF1E5E3772003CD09B /* Main.storyboard */; };
		0E1329D31E5E3772003CD09B /* Assets.xcassets in Resources */ = {isa = PBXBuildFile; fileRef = 0E1329D21E5E3772003CD09B /* Assets.xcassets */; };
		0E1329D61E5E3772003CD09B /* LaunchScreen.storyboard in Resources */ = {isa = PBXBuildFile; fileRef = 0E1329D41E5E3772003CD09B /* LaunchScreen.storyboard */; };
		0E1329E01E5E69FE003CD09B /* SharedNetworking.swift in Sources */ = {isa = PBXBuildFile; fileRef = 0E1329DF1E5E69FE003CD09B /* SharedNetworking.swift */; };
/* End PBXBuildFile section */

/* Begin PBXFileReference section */
		0E1329C81E5E3772003CD09B /* testPost.app */ = {isa = PBXFileReference; explicitFileType = wrapper.application; includeInIndex = 0; path = testPost.app; sourceTree = BUILT_PRODUCTS_DIR; };
		0E1329CB1E5E3772003CD09B /* AppDelegate.swift */ = {isa = PBXFileReference; lastKnownFileType = sourcecode.swift; path = AppDelegate.swift; sourceTree = "<group>"; };
		0E1329CD1E5E3772003CD09B /* ViewController.swift */ = {isa = PBXFileReference; lastKnownFileType = sourcecode.swift; path = ViewController.swift; sourceTree = "<group>"; };
		0E1329D01E5E3772003CD09B /* Base */ = {isa = PBXFileReference; lastKnownFileType = file.storyboard; name = Base; path = Base.lproj/Main.storyboard; sourceTree = "<group>"; };
		0E1329D21E5E3772003CD09B /* Assets.xcassets */ = {isa = PBXFileReference; lastKnownFileType = folder.assetcatalog; path = Assets.xcassets; sourceTree = "<group>"; };
		0E1329D51E5E3772003CD09B /* Base */ = {isa = PBXFileReference; lastKnownFileType = file.storyboard; name = Base; path = Base.lproj/LaunchScreen.storyboard; sourceTree = "<group>"; };
		0E1329D71E5E3772003CD09B /* Info.plist */ = {isa = PBXFileReference; lastKnownFileType = text.plist.xml; path = Info.plist; sourceTree = "<group>"; };
		0E1329DF1E5E69FE003CD09B /* SharedNetworking.swift */ = {isa = PBXFileReference; fileEncoding = 4; lastKnownFileType = sourcecode.swift; path = SharedNetworking.swift; sourceTree = "<group>"; };
/* End PBXFileReference section */

/* Begin PBXFrameworksBuildPhase section */
		0E1329C51E5E3772003CD09B /* Frameworks */ = {
			isa = PBXFrameworksBuildPhase;
			buildActionMask = 2147483647;
			files = (
			);
			runOnlyForDeploymentPostprocessing = 0;
		};
/* End PBXFrameworksBuildPhase section */

/* Begin PBXGroup section */
		0E1329BF1E5E3772003CD09B = {
			isa = PBXGroup;
			children = (
				0E1329CA1E5E3772003CD09B /* testPost */,
				0E1329C91E5E3772003CD09B /* Products */,
			);
			sourceTree = "<group>";
		};
		0E1329C91E5E3772003CD09B /* Products */ = {
			isa = PBXGroup;
			children = (
				0E1329C81E5E3772003CD09B /* testPost.app */,
			);
			name = Products;
			sourceTree = "<group>";
		};
		0E1329CA1E5E3772003CD09B /* testPost */ = {
			isa = PBXGroup;
			children = (
				0E1329CB1E5E3772003CD09B /* AppDelegate.swift */,
				0E1329CD1E5E3772003CD09B /* ViewController.swift */,
				0E1329DF1E5E69FE003CD09B /* SharedNetworking.swift */,
				0E1329CF1E5E3772003CD09B /* Main.storyboard */,
				0E1329D21E5E3772003CD09B /* Assets.xcassets */,
				0E1329D41E5E3772003CD09B /* LaunchScreen.storyboard */,
				0E1329D71E5E3772003CD09B /* Info.plist */,
			);
			path = testPost;
			sourceTree = "<group>";
		};
/* End PBXGroup section */

/* Begin PBXNativeTarget section */
		0E1329C71E5E3772003CD09B /* testPost */ = {
			isa = PBXNativeTarget;
			buildConfigurationList = 0E1329DA1E5E3772003CD09B /* Build configuration list for PBXNativeTarget "testPost" */;
			buildPhases = (
				0E1329C41E5E3772003CD09B /* Sources */,
				0E1329C51E5E3772003CD09B /* Frameworks */,
				0E1329C61E5E3772003CD09B /* Resources */,
			);
			buildRules = (
			);
			dependencies = (
			);
			name = testPost;
			productName = testPost;
			productReference = 0E1329C81E5E3772003CD09B /* testPost.app */;
			productType = "com.apple.product-type.application";
		};
/* End PBXNativeTarget section */

/* Begin PBXProject section */
		0E1329C01E5E3772003CD09B /* Project object */ = {
			isa = PBXProject;
			attributes = {
				LastSwiftUpdateCheck = 0820;
				LastUpgradeCheck = 0820;
				ORGANIZATIONNAME = "Isabel  Lee";
				TargetAttributes = {
					0E1329C71E5E3772003CD09B = {
						CreatedOnToolsVersion = 8.2.1;
						ProvisioningStyle = Automatic;
					};
				};
			};
			buildConfigurationList = 0E1329C31E5E3772003CD09B /* Build configuration list for PBXProject "testPost" */;
			compatibilityVersion = "Xcode 3.2";
			developmentRegion = English;
			hasScannedForEncodings = 0;
			knownRegions = (
				en,
				Base,
			);
			mainGroup = 0E1329BF1E5E3772003CD09B;
			productRefGroup = 0E1329C91E5E3772003CD09B /* Products */;
			projectDirPath = "";
			projectRoot = "";
			targets = (
				0E1329C71E5E3772003CD09B /* testPost */,
			);
		};
/* End PBXProject section */

/* Begin PBXResourcesBuildPhase section */
		0E1329C61E5E3772003CD09B /* Resources */ = {
			isa = PBXResourcesBuildPhase;
			buildActionMask = 2147483647;
			files = (
				0E1329D61E5E3772003CD09B /* LaunchScreen.storyboard in Resources */,
				0E1329D31E5E3772003CD09B /* Assets.xcassets in Resources */,
				0E1329D11E5E3772003CD09B /* Main.storyboard in Resources */,
			);
			runOnlyForDeploymentPostprocessing = 0;
		};
/* End PBXResourcesBuildPhase section */

/* Begin PBXSourcesBuildPhase section */
		0E1329C41E5E3772003CD09B /* Sources */ = {
			isa = PBXSourcesBuildPhase;
			buildActionMask = 2147483647;
			files = (
				0E1329CE1E5E3772003CD09B /* ViewController.swift in Sources */,
				0E1329E01E5E69FE003CD09B /* SharedNetworking.swift in Sources */,
				0E1329CC1E5E3772003CD09B /* AppDelegate.swift in Sources */,
			);
			runOnlyForDeploymentPostprocessing = 0;
		};
/* End PBXSourcesBuildPhase section */

/* Begin PBXVariantGroup section */
		0E1329CF1E5E3772003CD09B /* Main.storyboard */ = {
			isa = PBXVariantGroup;
			children = (
				0E1329D01E5E3772003CD09B /* Base */,
			);
			name = Main.storyboard;
			sourceTree = "<group>";
		};
		0E1329D41E5E3772003CD09B /* LaunchScreen.storyboard */ = {
			isa = PBXVariantGroup;
			children = (
				0E1329D51E5E3772003CD09B /* Base */,
			);
			name = LaunchScreen.storyboard;
			sourceTree = "<group>";
		};
/* End PBXVariantGroup section */

/* Begin XCBuildConfiguration section */
		0E1329D81E5E3772003CD09B /* Debug */ = {
			isa = XCBuildConfiguration;
			buildSettings = {
				ALWAYS_SEARCH_USER_PATHS = NO;
				CLANG_ANALYZER_NONNULL = YES;
				CLANG_CXX_LANGUAGE_STANDARD = "gnu++0x";
				CLANG_CXX_LIBRARY = "libc++";
				CLANG_ENABLE_MODULES = YES;
				CLANG_ENABLE_OBJC_ARC = YES;
				CLANG_WARN_BOOL_CONVERSION = YES;
				CLANG_WARN_CONSTANT_CONVERSION = YES;
				CLANG_WARN_DIRECT_OBJC_ISA_USAGE = YES_ERROR;
				CLANG_WARN_DOCUMENTATION_COMMENTS = YES;
				CLANG_WARN_EMPTY_BODY = YES;
				CLANG_WARN_ENUM_CONVERSION = YES;
				CLANG_WARN_INFINITE_RECURSION = YES;
				CLANG_WARN_INT_CONVERSION = YES;
				CLANG_WARN_OBJC_ROOT_CLASS = YES_ERROR;
				CLANG_WARN_SUSPICIOUS_MOVE = YES;
				CLANG_WARN_UNREACHABLE_CODE = YES;
				CLANG_WARN__DUPLICATE_METHOD_MATCH = YES;
				"CODE_SIGN_IDENTITY[sdk=iphoneos*]" = "iPhone Developer";
				COPY_PHASE_STRIP = NO;
				DEBUG_INFORMATION_FORMAT = dwarf;
				ENABLE_STRICT_OBJC_MSGSEND = YES;
				ENABLE_TESTABILITY = YES;
				GCC_C_LANGUAGE_STANDARD = gnu99;
				GCC_DYNAMIC_NO_PIC = NO;
				GCC_NO_COMMON_BLOCKS = YES;
				GCC_OPTIMIZATION_LEVEL = 0;
				GCC_PREPROCESSOR_DEFINITIONS = (
					"DEBUG=1",
					"$(inherited)",
				);
				GCC_WARN_64_TO_32_BIT_CONVERSION = YES;
				GCC_WARN_ABOUT_RETURN_TYPE = YES_ERROR;
				GCC_WARN_UNDECLARED_SELECTOR = YES;
				GCC_WARN_UNINITIALIZED_AUTOS = YES_AGGRESSIVE;
				GCC_WARN_UNUSED_FUNCTION = YES;
				GCC_WARN_UNUSED_VARIABLE = YES;
				IPHONEOS_DEPLOYMENT_TARGET = 10.2;
				MTL_ENABLE_DEBUG_INFO = YES;
				ONLY_ACTIVE_ARCH = YES;
				SDKROOT = iphoneos;
				SWIFT_ACTIVE_COMPILATION_CONDITIONS = DEBUG;
				SWIFT_OPTIMIZATION_LEVEL = "-Onone";
				TARGETED_DEVICE_FAMILY = "1,2";
			};
			name = Debug;
		};
		0E1329D91E5E3772003CD09B /* Release */ = {
			isa = XCBuildConfiguration;
			buildSettings = {
				ALWAYS_SEARCH_USER_PATHS = NO;
				CLANG_ANALYZER_NONNULL = YES;
				CLANG_CXX_LANGUAGE_STANDARD = "gnu++0x";
				CLANG_CXX_LIBRARY = "libc++";
				CLANG_ENABLE_MODULES = YES;
				CLANG_ENABLE_OBJC_ARC = YES;
				CLANG_WARN_BOOL_CONVERSION = YES;
				CLANG_WARN_CONSTANT_CONVERSION = YES;
				CLANG_WARN_DIRECT_OBJC_ISA_USAGE = YES_ERROR;
				CLANG_WARN_DOCUMENTATION_COMMENTS = YES;
				CLANG_WARN_EMPTY_BODY = YES;
				CLANG_WARN_ENUM_CONVERSION = YES;
				CLANG_WARN_INFINITE_RECURSION = YES;
				CLANG_WARN_INT_CONVERSION = YES;
				CLANG_WARN_OBJC_ROOT_CLASS = YES_ERROR;
				CLANG_WARN_SUSPICIOUS_MOVE = YES;
				CLANG_WARN_UNREACHABLE_CODE = YES;
				CLANG_WARN__DUPLICATE_METHOD_MATCH = YES;
				"CODE_SIGN_IDENTITY[sdk=iphoneos*]" = "iPhone Developer";
				COPY_PHASE_STRIP = NO;
				DEBUG_INFORMATION_FORMAT = "dwarf-with-dsym";
				ENABLE_NS_ASSERTIONS = NO;
				ENABLE_STRICT_OBJC_MSGSEND = YES;
				GCC_C_LANGUAGE_STANDARD = gnu99;
				GCC_NO_COMMON_BLOCKS = YES;
				GCC_WARN_64_TO_32_BIT_CONVERSION = YES;
				GCC_WARN_ABOUT_RETURN_TYPE = YES_ERROR;
				GCC_WARN_UNDECLARED_SELECTOR = YES;
				GCC_WARN_UNINITIALIZED_AUTOS = YES_AGGRESSIVE;
				GCC_WARN_UNUSED_FUNCTION = YES;
				GCC_WARN_UNUSED_VARIABLE = YES;
				IPHONEOS_DEPLOYMENT_TARGET = 10.2;
				MTL_ENABLE_DEBUG_INFO = NO;
				SDKROOT = iphoneos;
				SWIFT_OPTIMIZATION_LEVEL = "-Owholemodule";
				TARGETED_DEVICE_FAMILY = "1,2";
				VALIDATE_PRODUCT = YES;
			};
			name = Release;
		};
		0E1329DB1E5E3772003CD09B /* Debug */ = {
			isa = XCBuildConfiguration;
			buildSettings = {
				ASSETCATALOG_COMPILER_APPICON_NAME = AppIcon;
				INFOPLIST_FILE = testPost/Info.plist;
				LD_RUNPATH_SEARCH_PATHS = "$(inherited) @executable_path/Frameworks";
				PRODUCT_BUNDLE_IDENTIFIER = "isabel-Lee.testPost";
				PRODUCT_NAME = "$(TARGET_NAME)";
				SWIFT_VERSION = 3.0;
			};
			name = Debug;
		};
		0E1329DC1E5E3772003CD09B /* Release */ = {
			isa = XCBuildConfiguration;
			buildSettings = {
				ASSETCATALOG_COMPILER_APPICON_NAME = AppIcon;
				INFOPLIST_FILE = testPost/Info.plist;
				LD_RUNPATH_SEARCH_PATHS = "$(inherited) @executable_path/Frameworks";
				PRODUCT_BUNDLE_IDENTIFIER = "isabel-Lee.testPost";
				PRODUCT_NAME = "$(TARGET_NAME)";
				SWIFT_VERSION = 3.0;
			};
			name = Release;
		};
/* End XCBuildConfiguration section */

/* Begin XCConfigurationList section */
		0E1329C31E5E3772003CD09B /* Build configuration list for PBXProject "testPost" */ = {
			isa = XCConfigurationList;
			buildConfigurations = (
				0E1329D81E5E3772003CD09B /* Debug */,
				0E1329D91E5E3772003CD09B /* Release */,
			);
			defaultConfigurationIsVisible = 0;
			defaultConfigurationName = Release;
		};
		0E1329DA1E5E3772003CD09B /* Build configuration list for PBXNativeTarget "testPost" */ = {
			isa = XCConfigurationList;
			buildConfigurations = (
				0E1329DB1E5E3772003CD09B /* Debug */,
				0E1329DC1E5E3772003CD09B /* Release */,
			);
			defaultConfigurationIsVisible = 0;
		};
/* End XCConfigurationList section */
	};
	rootObject = 0E1329C01E5E3772003CD09B /* Project object */;
}
