// !$*UTF8*$!
{
	archiveVersion = 1;
	classes = {
	};
	objectVersion = 46;
	objects = {

/* Begin PBXBuildFile section */
		0E107CFF1E947E1A00978D53 /* AppDelegate.swift in Sources */ = {isa = PBXBuildFile; fileRef = 0E107CFE1E947E1A00978D53 /* AppDelegate.swift */; };
		0E107D011E947E1A00978D53 /* ViewController.swift in Sources */ = {isa = PBXBuildFile; fileRef = 0E107D001E947E1A00978D53 /* ViewController.swift */; };
		0E107D041E947E1A00978D53 /* Main.storyboard in Resources */ = {isa = PBXBuildFile; fileRef = 0E107D021E947E1A00978D53 /* Main.storyboard */; };
		0E107D061E947E1A00978D53 /* Assets.xcassets in Resources */ = {isa = PBXBuildFile; fileRef = 0E107D051E947E1A00978D53 /* Assets.xcassets */; };
		0E107D091E947E1A00978D53 /* LaunchScreen.storyboard in Resources */ = {isa = PBXBuildFile; fileRef = 0E107D071E947E1A00978D53 /* LaunchScreen.storyboard */; };
		0E107D111E947EBB00978D53 /* PageViewController.swift in Sources */ = {isa = PBXBuildFile; fileRef = 0E107D101E947EBB00978D53 /* PageViewController.swift */; };
		0E107D151E94980700978D53 /* ParentalGateViewController.swift in Sources */ = {isa = PBXBuildFile; fileRef = 0E107D141E94980700978D53 /* ParentalGateViewController.swift */; };
		0E3AEDE71E95820700BD59B9 /* AuthorInfoViewController.swift in Sources */ = {isa = PBXBuildFile; fileRef = 0E3AEDE51E95820700BD59B9 /* AuthorInfoViewController.swift */; };
		0E3AEDE81E95820700BD59B9 /* AuthorInfoViewController.xib in Resources */ = {isa = PBXBuildFile; fileRef = 0E3AEDE61E95820700BD59B9 /* AuthorInfoViewController.xib */; };
		0E3AEDEC1E958E0000BD59B9 /* PenguinWalk.swift in Sources */ = {isa = PBXBuildFile; fileRef = 0E3AEDEB1E958E0000BD59B9 /* PenguinWalk.swift */; };
		0E3AEDEE1E958FEF00BD59B9 /* PageOneViewController.swift in Sources */ = {isa = PBXBuildFile; fileRef = 0E3AEDED1E958FEF00BD59B9 /* PageOneViewController.swift */; };
		0E3AEDF01E95BD2400BD59B9 /* SharkSwim.swift in Sources */ = {isa = PBXBuildFile; fileRef = 0E3AEDEF1E95BD2400BD59B9 /* SharkSwim.swift */; };
		0EE3EA661E94A4540055A2C2 /* Size.swift in Sources */ = {isa = PBXBuildFile; fileRef = 0EE3EA651E94A4540055A2C2 /* Size.swift */; };
/* End PBXBuildFile section */

/* Begin PBXFileReference section */
		0E107CFB1E947E1A00978D53 /* PolarAdventure.app */ = {isa = PBXFileReference; explicitFileType = wrapper.application; includeInIndex = 0; path = PolarAdventure.app; sourceTree = BUILT_PRODUCTS_DIR; };
		0E107CFE1E947E1A00978D53 /* AppDelegate.swift */ = {isa = PBXFileReference; lastKnownFileType = sourcecode.swift; path = AppDelegate.swift; sourceTree = "<group>"; };
		0E107D001E947E1A00978D53 /* ViewController.swift */ = {isa = PBXFileReference; lastKnownFileType = sourcecode.swift; path = ViewController.swift; sourceTree = "<group>"; };
		0E107D031E947E1A00978D53 /* Base */ = {isa = PBXFileReference; lastKnownFileType = file.storyboard; name = Base; path = Base.lproj/Main.storyboard; sourceTree = "<group>"; };
		0E107D051E947E1A00978D53 /* Assets.xcassets */ = {isa = PBXFileReference; lastKnownFileType = folder.assetcatalog; path = Assets.xcassets; sourceTree = "<group>"; };
		0E107D081E947E1A00978D53 /* Base */ = {isa = PBXFileReference; lastKnownFileType = file.storyboard; name = Base; path = Base.lproj/LaunchScreen.storyboard; sourceTree = "<group>"; };
		0E107D0A1E947E1A00978D53 /* Info.plist */ = {isa = PBXFileReference; lastKnownFileType = text.plist.xml; path = Info.plist; sourceTree = "<group>"; };
		0E107D101E947EBB00978D53 /* PageViewController.swift */ = {isa = PBXFileReference; fileEncoding = 4; lastKnownFileType = sourcecode.swift; path = PageViewController.swift; sourceTree = "<group>"; };
		0E107D141E94980700978D53 /* ParentalGateViewController.swift */ = {isa = PBXFileReference; fileEncoding = 4; lastKnownFileType = sourcecode.swift; path = ParentalGateViewController.swift; sourceTree = "<group>"; };
		0E3AEDE51E95820700BD59B9 /* AuthorInfoViewController.swift */ = {isa = PBXFileReference; fileEncoding = 4; lastKnownFileType = sourcecode.swift; path = AuthorInfoViewController.swift; sourceTree = "<group>"; };
		0E3AEDE61E95820700BD59B9 /* AuthorInfoViewController.xib */ = {isa = PBXFileReference; fileEncoding = 4; lastKnownFileType = file.xib; path = AuthorInfoViewController.xib; sourceTree = "<group>"; };
		0E3AEDEB1E958E0000BD59B9 /* PenguinWalk.swift */ = {isa = PBXFileReference; fileEncoding = 4; lastKnownFileType = sourcecode.swift; path = PenguinWalk.swift; sourceTree = "<group>"; };
		0E3AEDED1E958FEF00BD59B9 /* PageOneViewController.swift */ = {isa = PBXFileReference; fileEncoding = 4; lastKnownFileType = sourcecode.swift; path = PageOneViewController.swift; sourceTree = "<group>"; };
		0E3AEDEF1E95BD2400BD59B9 /* SharkSwim.swift */ = {isa = PBXFileReference; fileEncoding = 4; lastKnownFileType = sourcecode.swift; path = SharkSwim.swift; sourceTree = "<group>"; };
		0EE3EA651E94A4540055A2C2 /* Size.swift */ = {isa = PBXFileReference; fileEncoding = 4; lastKnownFileType = sourcecode.swift; path = Size.swift; sourceTree = "<group>"; };
/* End PBXFileReference section */

/* Begin PBXFrameworksBuildPhase section */
		0E107CF81E947E1A00978D53 /* Frameworks */ = {
			isa = PBXFrameworksBuildPhase;
			buildActionMask = 2147483647;
			files = (
			);
			runOnlyForDeploymentPostprocessing = 0;
		};
/* End PBXFrameworksBuildPhase section */

/* Begin PBXGroup section */
		0E107CF21E947E1A00978D53 = {
			isa = PBXGroup;
			children = (
				0E107CFD1E947E1A00978D53 /* PolarAdventure */,
				0E107CFC1E947E1A00978D53 /* Products */,
			);
			sourceTree = "<group>";
		};
		0E107CFC1E947E1A00978D53 /* Products */ = {
			isa = PBXGroup;
			children = (
				0E107CFB1E947E1A00978D53 /* PolarAdventure.app */,
			);
			name = Products;
			sourceTree = "<group>";
		};
		0E107CFD1E947E1A00978D53 /* PolarAdventure */ = {
			isa = PBXGroup;
			children = (
				0E107CFE1E947E1A00978D53 /* AppDelegate.swift */,
				0E107D001E947E1A00978D53 /* ViewController.swift */,
				0E107D021E947E1A00978D53 /* Main.storyboard */,
				0E107D101E947EBB00978D53 /* PageViewController.swift */,
				0E107D141E94980700978D53 /* ParentalGateViewController.swift */,
				0E3AEDE51E95820700BD59B9 /* AuthorInfoViewController.swift */,
				0E3AEDE61E95820700BD59B9 /* AuthorInfoViewController.xib */,
				0E3AEDEB1E958E0000BD59B9 /* PenguinWalk.swift */,
				0E3AEDEF1E95BD2400BD59B9 /* SharkSwim.swift */,
				0EE3EA651E94A4540055A2C2 /* Size.swift */,
				0E3AEDED1E958FEF00BD59B9 /* PageOneViewController.swift */,
				0E107D051E947E1A00978D53 /* Assets.xcassets */,
				0E107D071E947E1A00978D53 /* LaunchScreen.storyboard */,
				0E107D0A1E947E1A00978D53 /* Info.plist */,
			);
			path = PolarAdventure;
			sourceTree = "<group>";
		};
/* End PBXGroup section */

/* Begin PBXNativeTarget section */
		0E107CFA1E947E1A00978D53 /* PolarAdventure */ = {
			isa = PBXNativeTarget;
			buildConfigurationList = 0E107D0D1E947E1A00978D53 /* Build configuration list for PBXNativeTarget "PolarAdventure" */;
			buildPhases = (
				0E107CF71E947E1A00978D53 /* Sources */,
				0E107CF81E947E1A00978D53 /* Frameworks */,
				0E107CF91E947E1A00978D53 /* Resources */,
			);
			buildRules = (
			);
			dependencies = (
			);
			name = PolarAdventure;
			productName = PolarAdventure;
			productReference = 0E107CFB1E947E1A00978D53 /* PolarAdventure.app */;
			productType = "com.apple.product-type.application";
		};
/* End PBXNativeTarget section */

/* Begin PBXProject section */
		0E107CF31E947E1A00978D53 /* Project object */ = {
			isa = PBXProject;
			attributes = {
				LastSwiftUpdateCheck = 0830;
				LastUpgradeCheck = 0830;
				ORGANIZATIONNAME = "Isabel  Lee";
				TargetAttributes = {
					0E107CFA1E947E1A00978D53 = {
						CreatedOnToolsVersion = 8.3;
						ProvisioningStyle = Automatic;
					};
				};
			};
			buildConfigurationList = 0E107CF61E947E1A00978D53 /* Build configuration list for PBXProject "PolarAdventure" */;
			compatibilityVersion = "Xcode 3.2";
			developmentRegion = English;
			hasScannedForEncodings = 0;
			knownRegions = (
				en,
				Base,
			);
			mainGroup = 0E107CF21E947E1A00978D53;
			productRefGroup = 0E107CFC1E947E1A00978D53 /* Products */;
			projectDirPath = "";
			projectRoot = "";
			targets = (
				0E107CFA1E947E1A00978D53 /* PolarAdventure */,
			);
		};
/* End PBXProject section */

/* Begin PBXResourcesBuildPhase section */
		0E107CF91E947E1A00978D53 /* Resources */ = {
			isa = PBXResourcesBuildPhase;
			buildActionMask = 2147483647;
			files = (
				0E107D091E947E1A00978D53 /* LaunchScreen.storyboard in Resources */,
				0E107D061E947E1A00978D53 /* Assets.xcassets in Resources */,
				0E107D041E947E1A00978D53 /* Main.storyboard in Resources */,
				0E3AEDE81E95820700BD59B9 /* AuthorInfoViewController.xib in Resources */,
			);
			runOnlyForDeploymentPostprocessing = 0;
		};
/* End PBXResourcesBuildPhase section */

/* Begin PBXSourcesBuildPhase section */
		0E107CF71E947E1A00978D53 /* Sources */ = {
			isa = PBXSourcesBuildPhase;
			buildActionMask = 2147483647;
			files = (
				0E3AEDEC1E958E0000BD59B9 /* PenguinWalk.swift in Sources */,
				0E3AEDF01E95BD2400BD59B9 /* SharkSwim.swift in Sources */,
				0E107D151E94980700978D53 /* ParentalGateViewController.swift in Sources */,
				0E3AEDE71E95820700BD59B9 /* AuthorInfoViewController.swift in Sources */,
				0EE3EA661E94A4540055A2C2 /* Size.swift in Sources */,
				0E3AEDEE1E958FEF00BD59B9 /* PageOneViewController.swift in Sources */,
				0E107D111E947EBB00978D53 /* PageViewController.swift in Sources */,
				0E107D011E947E1A00978D53 /* ViewController.swift in Sources */,
				0E107CFF1E947E1A00978D53 /* AppDelegate.swift in Sources */,
			);
			runOnlyForDeploymentPostprocessing = 0;
		};
/* End PBXSourcesBuildPhase section */

/* Begin PBXVariantGroup section */
		0E107D021E947E1A00978D53 /* Main.storyboard */ = {
			isa = PBXVariantGroup;
			children = (
				0E107D031E947E1A00978D53 /* Base */,
			);
			name = Main.storyboard;
			sourceTree = "<group>";
		};
		0E107D071E947E1A00978D53 /* LaunchScreen.storyboard */ = {
			isa = PBXVariantGroup;
			children = (
				0E107D081E947E1A00978D53 /* Base */,
			);
			name = LaunchScreen.storyboard;
			sourceTree = "<group>";
		};
/* End PBXVariantGroup section */

/* Begin XCBuildConfiguration section */
		0E107D0B1E947E1A00978D53 /* Debug */ = {
			isa = XCBuildConfiguration;
			buildSettings = {
				ALWAYS_SEARCH_USER_PATHS = NO;
				CLANG_ANALYZER_NONNULL = YES;
				CLANG_ANALYZER_NUMBER_OBJECT_CONVERSION = YES_AGGRESSIVE;
				CLANG_CXX_LANGUAGE_STANDARD = "gnu++0x";
				CLANG_CXX_LIBRARY = "libc++";
				CLANG_ENABLE_MODULES = YES;
				CLANG_ENABLE_OBJC_ARC = YES;
				CLANG_WARN_BOOL_CONVERSION = YES;
				CLANG_WARN_CONSTANT_CONVERSION = YES;
				CLANG_WARN_DIRECT_OBJC_ISA_USAGE = YES_ERROR;
				CLANG_WARN_DOCUMENTATION_COMMENTS = YES;
				CLANG_WARN_EMPTY_BODY = YES;
				CLANG_WARN_ENUM_CONVERSION = YES;
				CLANG_WARN_INFINITE_RECURSION = YES;
				CLANG_WARN_INT_CONVERSION = YES;
				CLANG_WARN_OBJC_ROOT_CLASS = YES_ERROR;
				CLANG_WARN_SUSPICIOUS_MOVE = YES;
				CLANG_WARN_UNREACHABLE_CODE = YES;
				CLANG_WARN__DUPLICATE_METHOD_MATCH = YES;
				"CODE_SIGN_IDENTITY[sdk=iphoneos*]" = "iPhone Developer";
				COPY_PHASE_STRIP = NO;
				DEBUG_INFORMATION_FORMAT = dwarf;
				ENABLE_STRICT_OBJC_MSGSEND = YES;
				ENABLE_TESTABILITY = YES;
				GCC_C_LANGUAGE_STANDARD = gnu99;
				GCC_DYNAMIC_NO_PIC = NO;
				GCC_NO_COMMON_BLOCKS = YES;
				GCC_OPTIMIZATION_LEVEL = 0;
				GCC_PREPROCESSOR_DEFINITIONS = (
					"DEBUG=1",
					"$(inherited)",
				);
				GCC_WARN_64_TO_32_BIT_CONVERSION = YES;
				GCC_WARN_ABOUT_RETURN_TYPE = YES_ERROR;
				GCC_WARN_UNDECLARED_SELECTOR = YES;
				GCC_WARN_UNINITIALIZED_AUTOS = YES_AGGRESSIVE;
				GCC_WARN_UNUSED_FUNCTION = YES;
				GCC_WARN_UNUSED_VARIABLE = YES;
				IPHONEOS_DEPLOYMENT_TARGET = 10.3;
				MTL_ENABLE_DEBUG_INFO = YES;
				ONLY_ACTIVE_ARCH = YES;
				SDKROOT = iphoneos;
				SWIFT_ACTIVE_COMPILATION_CONDITIONS = DEBUG;
				SWIFT_OPTIMIZATION_LEVEL = "-Onone";
				TARGETED_DEVICE_FAMILY = "1,2";
			};
			name = Debug;
		};
		0E107D0C1E947E1A00978D53 /* Release */ = {
			isa = XCBuildConfiguration;
			buildSettings = {
				ALWAYS_SEARCH_USER_PATHS = NO;
				CLANG_ANALYZER_NONNULL = YES;
				CLANG_ANALYZER_NUMBER_OBJECT_CONVERSION = YES_AGGRESSIVE;
				CLANG_CXX_LANGUAGE_STANDARD = "gnu++0x";
				CLANG_CXX_LIBRARY = "libc++";
				CLANG_ENABLE_MODULES = YES;
				CLANG_ENABLE_OBJC_ARC = YES;
				CLANG_WARN_BOOL_CONVERSION = YES;
				CLANG_WARN_CONSTANT_CONVERSION = YES;
				CLANG_WARN_DIRECT_OBJC_ISA_USAGE = YES_ERROR;
				CLANG_WARN_DOCUMENTATION_COMMENTS = YES;
				CLANG_WARN_EMPTY_BODY = YES;
				CLANG_WARN_ENUM_CONVERSION = YES;
				CLANG_WARN_INFINITE_RECURSION = YES;
				CLANG_WARN_INT_CONVERSION = YES;
				CLANG_WARN_OBJC_ROOT_CLASS = YES_ERROR;
				CLANG_WARN_SUSPICIOUS_MOVE = YES;
				CLANG_WARN_UNREACHABLE_CODE = YES;
				CLANG_WARN__DUPLICATE_METHOD_MATCH = YES;
				"CODE_SIGN_IDENTITY[sdk=iphoneos*]" = "iPhone Developer";
				COPY_PHASE_STRIP = NO;
				DEBUG_INFORMATION_FORMAT = "dwarf-with-dsym";
				ENABLE_NS_ASSERTIONS = NO;
				ENABLE_STRICT_OBJC_MSGSEND = YES;
				GCC_C_LANGUAGE_STANDARD = gnu99;
				GCC_NO_COMMON_BLOCKS = YES;
				GCC_WARN_64_TO_32_BIT_CONVERSION = YES;
				GCC_WARN_ABOUT_RETURN_TYPE = YES_ERROR;
				GCC_WARN_UNDECLARED_SELECTOR = YES;
				GCC_WARN_UNINITIALIZED_AUTOS = YES_AGGRESSIVE;
				GCC_WARN_UNUSED_FUNCTION = YES;
				GCC_WARN_UNUSED_VARIABLE = YES;
				IPHONEOS_DEPLOYMENT_TARGET = 10.3;
				MTL_ENABLE_DEBUG_INFO = NO;
				SDKROOT = iphoneos;
				SWIFT_OPTIMIZATION_LEVEL = "-Owholemodule";
				TARGETED_DEVICE_FAMILY = "1,2";
				VALIDATE_PRODUCT = YES;
			};
			name = Release;
		};
		0E107D0E1E947E1A00978D53 /* Debug */ = {
			isa = XCBuildConfiguration;
			buildSettings = {
				ASSETCATALOG_COMPILER_APPICON_NAME = AppIcon;
				INFOPLIST_FILE = PolarAdventure/Info.plist;
				LD_RUNPATH_SEARCH_PATHS = "$(inherited) @executable_path/Frameworks";
				PRODUCT_BUNDLE_IDENTIFIER = "isabel-Lee.PolarAdventure";
				PRODUCT_NAME = "$(TARGET_NAME)";
				SWIFT_VERSION = 3.0;
				TARGETED_DEVICE_FAMILY = 2;
			};
			name = Debug;
		};
		0E107D0F1E947E1A00978D53 /* Release */ = {
			isa = XCBuildConfiguration;
			buildSettings = {
				ASSETCATALOG_COMPILER_APPICON_NAME = AppIcon;
				INFOPLIST_FILE = PolarAdventure/Info.plist;
				LD_RUNPATH_SEARCH_PATHS = "$(inherited) @executable_path/Frameworks";
				PRODUCT_BUNDLE_IDENTIFIER = "isabel-Lee.PolarAdventure";
				PRODUCT_NAME = "$(TARGET_NAME)";
				SWIFT_VERSION = 3.0;
				TARGETED_DEVICE_FAMILY = 2;
			};
			name = Release;
		};
/* End XCBuildConfiguration section */

/* Begin XCConfigurationList section */
		0E107CF61E947E1A00978D53 /* Build configuration list for PBXProject "PolarAdventure" */ = {
			isa = XCConfigurationList;
			buildConfigurations = (
				0E107D0B1E947E1A00978D53 /* Debug */,
				0E107D0C1E947E1A00978D53 /* Release */,
			);
			defaultConfigurationIsVisible = 0;
			defaultConfigurationName = Release;
		};
		0E107D0D1E947E1A00978D53 /* Build configuration list for PBXNativeTarget "PolarAdventure" */ = {
			isa = XCConfigurationList;
			buildConfigurations = (
				0E107D0E1E947E1A00978D53 /* Debug */,
				0E107D0F1E947E1A00978D53 /* Release */,
			);
			defaultConfigurationIsVisible = 0;
			defaultConfigurationName = Release;
		};
/* End XCConfigurationList section */
	};
	rootObject = 0E107CF31E947E1A00978D53 /* Project object */;
}
